// !$*UTF8*$!
{
	archiveVersion = 1;
	classes = {
	};
	objectVersion = 50;
	objects = {

/* Begin PBXBuildFile section */
		C9129E0B24B57ACC00C350A7 /* Notification+Util.swift in Sources */ = {isa = PBXBuildFile; fileRef = C9129E0A24B57ACC00C350A7 /* Notification+Util.swift */; };
		C9129E0E24B57D4200C350A7 /* Dictionary+Util.swift in Sources */ = {isa = PBXBuildFile; fileRef = C9129E0D24B57D4200C350A7 /* Dictionary+Util.swift */; };
		C96E53AF24B4C24700D5F5B8 /* SkyWayErrorHandler.swift in Sources */ = {isa = PBXBuildFile; fileRef = C96E53AE24B4C24700D5F5B8 /* SkyWayErrorHandler.swift */; };
		C96E53B224B4D5E600D5F5B8 /* ErrorHandler.swift in Sources */ = {isa = PBXBuildFile; fileRef = C96E53B124B4D5E600D5F5B8 /* ErrorHandler.swift */; };
		C96E53B424B4D92A00D5F5B8 /* Reachability.framework in Frameworks */ = {isa = PBXBuildFile; fileRef = C96E53B324B4D92A00D5F5B8 /* Reachability.framework */; };
		C96E53B524B4D92A00D5F5B8 /* Reachability.framework in Embed Frameworks */ = {isa = PBXBuildFile; fileRef = C96E53B324B4D92A00D5F5B8 /* Reachability.framework */; settings = {ATTRIBUTES = (CodeSignOnCopy, RemoveHeadersOnCopy, ); }; };
		C96E53B924B4D97000D5F5B8 /* ReachabilityObserverDelegate.swift in Sources */ = {isa = PBXBuildFile; fileRef = C96E53B824B4D97000D5F5B8 /* ReachabilityObserverDelegate.swift */; };
		C97FD72124B413A30007C550 /* AppDelegate.swift in Sources */ = {isa = PBXBuildFile; fileRef = C97FD72024B413A30007C550 /* AppDelegate.swift */; };
		C97FD72A24B413A50007C550 /* Assets.xcassets in Resources */ = {isa = PBXBuildFile; fileRef = C97FD72924B413A50007C550 /* Assets.xcassets */; };
		C97FD72D24B413A50007C550 /* LaunchScreen.storyboard in Resources */ = {isa = PBXBuildFile; fileRef = C97FD72B24B413A50007C550 /* LaunchScreen.storyboard */; };
		C97FD74024B418980007C550 /* Audio.swift in Sources */ = {isa = PBXBuildFile; fileRef = C97FD73F24B418980007C550 /* Audio.swift */; };
		C97FD74924B4190E0007C550 /* KeyboardNotifier.swift in Sources */ = {isa = PBXBuildFile; fileRef = C97FD74824B4190E0007C550 /* KeyboardNotifier.swift */; };
		C97FD74B24B4191F0007C550 /* TableViewDataSource.swift in Sources */ = {isa = PBXBuildFile; fileRef = C97FD74A24B4191F0007C550 /* TableViewDataSource.swift */; };
		C97FD74D24B419340007C550 /* StoryboardInstantiable.swift in Sources */ = {isa = PBXBuildFile; fileRef = C97FD74C24B419340007C550 /* StoryboardInstantiable.swift */; };
		C97FD74F24B419410007C550 /* Logger.swift in Sources */ = {isa = PBXBuildFile; fileRef = C97FD74E24B419410007C550 /* Logger.swift */; };
		C97FD75524B419750007C550 /* Call.swift in Sources */ = {isa = PBXBuildFile; fileRef = C97FD75424B419750007C550 /* Call.swift */; };
		C97FD75724B419820007C550 /* CallProvider.swift in Sources */ = {isa = PBXBuildFile; fileRef = C97FD75624B419820007C550 /* CallProvider.swift */; };
		C97FD75924B419930007C550 /* CallManager.swift in Sources */ = {isa = PBXBuildFile; fileRef = C97FD75824B419930007C550 /* CallManager.swift */; };
		C97FD75B24B419BA0007C550 /* SkyWayManager.swift in Sources */ = {isa = PBXBuildFile; fileRef = C97FD75A24B419BA0007C550 /* SkyWayManager.swift */; };
		C97FD75E24B419D10007C550 /* SkyWayManagerDelegate.swift in Sources */ = {isa = PBXBuildFile; fileRef = C97FD75D24B419D10007C550 /* SkyWayManagerDelegate.swift */; };
		C97FD76024B41A050007C550 /* Strings+Util.swift in Sources */ = {isa = PBXBuildFile; fileRef = C97FD75F24B41A050007C550 /* Strings+Util.swift */; };
		C97FD76224B41A2D0007C550 /* Date+Util.swift in Sources */ = {isa = PBXBuildFile; fileRef = C97FD76124B41A2D0007C550 /* Date+Util.swift */; };
		C97FD76424B41A3C0007C550 /* Int+Util.swift in Sources */ = {isa = PBXBuildFile; fileRef = C97FD76324B41A3C0007C550 /* Int+Util.swift */; };
		C97FD76624B41A550007C550 /* Numbers+Util.swift in Sources */ = {isa = PBXBuildFile; fileRef = C97FD76524B41A550007C550 /* Numbers+Util.swift */; };
		C97FD76824B41A650007C550 /* DateFormatter+Util.swift in Sources */ = {isa = PBXBuildFile; fileRef = C97FD76724B41A650007C550 /* DateFormatter+Util.swift */; };
		C97FD76A24B41A770007C550 /* NumberFormatter+Util.swift in Sources */ = {isa = PBXBuildFile; fileRef = C97FD76924B41A770007C550 /* NumberFormatter+Util.swift */; };
		C97FD76C24B41A870007C550 /* Array+Util.swift in Sources */ = {isa = PBXBuildFile; fileRef = C97FD76B24B41A870007C550 /* Array+Util.swift */; };
		C97FD76E24B41ABF0007C550 /* Optional+Util.swift in Sources */ = {isa = PBXBuildFile; fileRef = C97FD76D24B41ABF0007C550 /* Optional+Util.swift */; };
		C97FD77024B41ADB0007C550 /* Comparable+Util.swift in Sources */ = {isa = PBXBuildFile; fileRef = C97FD76F24B41ADB0007C550 /* Comparable+Util.swift */; };
		C97FD77224B41B370007C550 /* AVCaptureDevice+Extension.swift in Sources */ = {isa = PBXBuildFile; fileRef = C97FD77124B41B370007C550 /* AVCaptureDevice+Extension.swift */; };
		C97FD77424B41B4B0007C550 /* UINib+Extension.swift in Sources */ = {isa = PBXBuildFile; fileRef = C97FD77324B41B4B0007C550 /* UINib+Extension.swift */; };
		C97FD77624B41B5C0007C550 /* Animation+Extension.swift in Sources */ = {isa = PBXBuildFile; fileRef = C97FD77524B41B5C0007C550 /* Animation+Extension.swift */; };
		C97FD77824B41B6F0007C550 /* NSLayoutAnchor+Extension.swift in Sources */ = {isa = PBXBuildFile; fileRef = C97FD77724B41B6F0007C550 /* NSLayoutAnchor+Extension.swift */; };
		C97FD77A24B41BBF0007C550 /* AppConfigurator.swift in Sources */ = {isa = PBXBuildFile; fileRef = C97FD77924B41BBF0007C550 /* AppConfigurator.swift */; };
		C97FD77C24B41C8D0007C550 /* Config.swift in Sources */ = {isa = PBXBuildFile; fileRef = C97FD77B24B41C8D0007C550 /* Config.swift */; };
		C97FD78024B41CFE0007C550 /* Localizable.strings in Resources */ = {isa = PBXBuildFile; fileRef = C97FD77F24B41CFE0007C550 /* Localizable.strings */; };
		C97FD78524B41D600007C550 /* ResourceSupport.swift in Sources */ = {isa = PBXBuildFile; fileRef = C97FD78424B41D600007C550 /* ResourceSupport.swift */; };
		C97FD78724B41D920007C550 /* Strings.swift in Sources */ = {isa = PBXBuildFile; fileRef = C97FD78624B41D920007C550 /* Strings.swift */; };
		C97FD78924B41DB10007C550 /* Sizes.swift in Sources */ = {isa = PBXBuildFile; fileRef = C97FD78824B41DB10007C550 /* Sizes.swift */; };
		C97FD78B24B41DBB0007C550 /* Images.swift in Sources */ = {isa = PBXBuildFile; fileRef = C97FD78A24B41DBB0007C550 /* Images.swift */; };
		C97FD78D24B41DCF0007C550 /* Resources.swift in Sources */ = {isa = PBXBuildFile; fileRef = C97FD78C24B41DCF0007C550 /* Resources.swift */; };
		C97FD79024B41EC70007C550 /* R.generated.swift in Sources */ = {isa = PBXBuildFile; fileRef = C97FD78F24B41EC70007C550 /* R.generated.swift */; };
		C97FD79324B41F920007C550 /* Rswift.framework in Frameworks */ = {isa = PBXBuildFile; fileRef = C97FD79224B41F920007C550 /* Rswift.framework */; };
		C97FD79424B41F920007C550 /* Rswift.framework in Embed Frameworks */ = {isa = PBXBuildFile; fileRef = C97FD79224B41F920007C550 /* Rswift.framework */; settings = {ATTRIBUTES = (CodeSignOnCopy, RemoveHeadersOnCopy, ); }; };
		C97FD79724B421E90007C550 /* UIViewController+Extension.swift in Sources */ = {isa = PBXBuildFile; fileRef = C97FD79624B421E90007C550 /* UIViewController+Extension.swift */; };
		C97FD79924B421FC0007C550 /* UIAlertController+Extension.swift in Sources */ = {isa = PBXBuildFile; fileRef = C97FD79824B421FC0007C550 /* UIAlertController+Extension.swift */; };
		C97FD7A024B429BD0007C550 /* SkyWay.framework in Embed Frameworks */ = {isa = PBXBuildFile; fileRef = C97FD79E24B429B00007C550 /* SkyWay.framework */; settings = {ATTRIBUTES = (CodeSignOnCopy, RemoveHeadersOnCopy, ); }; };
		C97FD7A324B42AEB0007C550 /* ViewController.swift in Sources */ = {isa = PBXBuildFile; fileRef = C97FD7A224B42AEB0007C550 /* ViewController.swift */; };
		C97FD7A524B42B110007C550 /* Router.swift in Sources */ = {isa = PBXBuildFile; fileRef = C97FD7A424B42B110007C550 /* Router.swift */; };
		C97FD7A724B42B1D0007C550 /* Route.swift in Sources */ = {isa = PBXBuildFile; fileRef = C97FD7A624B42B1D0007C550 /* Route.swift */; };
		C97FD7A924B42B3A0007C550 /* Routing.swift in Sources */ = {isa = PBXBuildFile; fileRef = C97FD7A824B42B3A0007C550 /* Routing.swift */; };
		C97FD7AC24B42BAE0007C550 /* VideoChatViewController.storyboard in Resources */ = {isa = PBXBuildFile; fileRef = C97FD7AB24B42BAE0007C550 /* VideoChatViewController.storyboard */; };
		C97FD7AE24B42BB90007C550 /* VideoChatViewController.swift in Sources */ = {isa = PBXBuildFile; fileRef = C97FD7AD24B42BB90007C550 /* VideoChatViewController.swift */; };
		C97FD7B024B42BC60007C550 /* VideoChatRouting.swift in Sources */ = {isa = PBXBuildFile; fileRef = C97FD7AF24B42BC60007C550 /* VideoChatRouting.swift */; };
/* End PBXBuildFile section */

/* Begin PBXCopyFilesBuildPhase section */
		C97FD79524B41F920007C550 /* Embed Frameworks */ = {
			isa = PBXCopyFilesBuildPhase;
			buildActionMask = 2147483647;
			dstPath = "";
			dstSubfolderSpec = 10;
			files = (
				C97FD7A024B429BD0007C550 /* SkyWay.framework in Embed Frameworks */,
				C96E53B524B4D92A00D5F5B8 /* Reachability.framework in Embed Frameworks */,
				C97FD79424B41F920007C550 /* Rswift.framework in Embed Frameworks */,
			);
			name = "Embed Frameworks";
			runOnlyForDeploymentPostprocessing = 0;
		};
/* End PBXCopyFilesBuildPhase section */

/* Begin PBXFileReference section */
		C9129E0A24B57ACC00C350A7 /* Notification+Util.swift */ = {isa = PBXFileReference; lastKnownFileType = sourcecode.swift; path = "Notification+Util.swift"; sourceTree = "<group>"; };
		C9129E0D24B57D4200C350A7 /* Dictionary+Util.swift */ = {isa = PBXFileReference; lastKnownFileType = sourcecode.swift; path = "Dictionary+Util.swift"; sourceTree = "<group>"; };
		C96E53AE24B4C24700D5F5B8 /* SkyWayErrorHandler.swift */ = {isa = PBXFileReference; lastKnownFileType = sourcecode.swift; path = SkyWayErrorHandler.swift; sourceTree = "<group>"; };
		C96E53B124B4D5E600D5F5B8 /* ErrorHandler.swift */ = {isa = PBXFileReference; lastKnownFileType = sourcecode.swift; path = ErrorHandler.swift; sourceTree = "<group>"; };
		C96E53B324B4D92A00D5F5B8 /* Reachability.framework */ = {isa = PBXFileReference; lastKnownFileType = wrapper.framework; name = Reachability.framework; path = Carthage/Build/iOS/Reachability.framework; sourceTree = "<group>"; };
		C96E53B824B4D97000D5F5B8 /* ReachabilityObserverDelegate.swift */ = {isa = PBXFileReference; lastKnownFileType = sourcecode.swift; path = ReachabilityObserverDelegate.swift; sourceTree = "<group>"; };
		C97FD71D24B413A30007C550 /* VideoChatApp.app */ = {isa = PBXFileReference; explicitFileType = wrapper.application; includeInIndex = 0; path = VideoChatApp.app; sourceTree = BUILT_PRODUCTS_DIR; };
		C97FD72024B413A30007C550 /* AppDelegate.swift */ = {isa = PBXFileReference; lastKnownFileType = sourcecode.swift; path = AppDelegate.swift; sourceTree = "<group>"; };
		C97FD72924B413A50007C550 /* Assets.xcassets */ = {isa = PBXFileReference; lastKnownFileType = folder.assetcatalog; path = Assets.xcassets; sourceTree = "<group>"; };
		C97FD72C24B413A50007C550 /* Base */ = {isa = PBXFileReference; lastKnownFileType = file.storyboard; name = Base; path = Base.lproj/LaunchScreen.storyboard; sourceTree = "<group>"; };
		C97FD72E24B413A50007C550 /* Info.plist */ = {isa = PBXFileReference; lastKnownFileType = text.plist.xml; path = Info.plist; sourceTree = "<group>"; };
		C97FD73F24B418980007C550 /* Audio.swift */ = {isa = PBXFileReference; lastKnownFileType = sourcecode.swift; path = Audio.swift; sourceTree = "<group>"; };
		C97FD74824B4190E0007C550 /* KeyboardNotifier.swift */ = {isa = PBXFileReference; lastKnownFileType = sourcecode.swift; path = KeyboardNotifier.swift; sourceTree = "<group>"; };
		C97FD74A24B4191F0007C550 /* TableViewDataSource.swift */ = {isa = PBXFileReference; lastKnownFileType = sourcecode.swift; path = TableViewDataSource.swift; sourceTree = "<group>"; };
		C97FD74C24B419340007C550 /* StoryboardInstantiable.swift */ = {isa = PBXFileReference; lastKnownFileType = sourcecode.swift; path = StoryboardInstantiable.swift; sourceTree = "<group>"; };
		C97FD74E24B419410007C550 /* Logger.swift */ = {isa = PBXFileReference; lastKnownFileType = sourcecode.swift; path = Logger.swift; sourceTree = "<group>"; };
		C97FD75424B419750007C550 /* Call.swift */ = {isa = PBXFileReference; lastKnownFileType = sourcecode.swift; path = Call.swift; sourceTree = "<group>"; };
		C97FD75624B419820007C550 /* CallProvider.swift */ = {isa = PBXFileReference; lastKnownFileType = sourcecode.swift; path = CallProvider.swift; sourceTree = "<group>"; };
		C97FD75824B419930007C550 /* CallManager.swift */ = {isa = PBXFileReference; lastKnownFileType = sourcecode.swift; path = CallManager.swift; sourceTree = "<group>"; };
		C97FD75A24B419BA0007C550 /* SkyWayManager.swift */ = {isa = PBXFileReference; lastKnownFileType = sourcecode.swift; path = SkyWayManager.swift; sourceTree = "<group>"; };
		C97FD75D24B419D10007C550 /* SkyWayManagerDelegate.swift */ = {isa = PBXFileReference; lastKnownFileType = sourcecode.swift; path = SkyWayManagerDelegate.swift; sourceTree = "<group>"; };
		C97FD75F24B41A050007C550 /* Strings+Util.swift */ = {isa = PBXFileReference; lastKnownFileType = sourcecode.swift; path = "Strings+Util.swift"; sourceTree = "<group>"; };
		C97FD76124B41A2D0007C550 /* Date+Util.swift */ = {isa = PBXFileReference; lastKnownFileType = sourcecode.swift; path = "Date+Util.swift"; sourceTree = "<group>"; };
		C97FD76324B41A3C0007C550 /* Int+Util.swift */ = {isa = PBXFileReference; lastKnownFileType = sourcecode.swift; path = "Int+Util.swift"; sourceTree = "<group>"; };
		C97FD76524B41A550007C550 /* Numbers+Util.swift */ = {isa = PBXFileReference; lastKnownFileType = sourcecode.swift; path = "Numbers+Util.swift"; sourceTree = "<group>"; };
		C97FD76724B41A650007C550 /* DateFormatter+Util.swift */ = {isa = PBXFileReference; lastKnownFileType = sourcecode.swift; path = "DateFormatter+Util.swift"; sourceTree = "<group>"; };
		C97FD76924B41A770007C550 /* NumberFormatter+Util.swift */ = {isa = PBXFileReference; lastKnownFileType = sourcecode.swift; path = "NumberFormatter+Util.swift"; sourceTree = "<group>"; };
		C97FD76B24B41A870007C550 /* Array+Util.swift */ = {isa = PBXFileReference; lastKnownFileType = sourcecode.swift; path = "Array+Util.swift"; sourceTree = "<group>"; };
		C97FD76D24B41ABF0007C550 /* Optional+Util.swift */ = {isa = PBXFileReference; lastKnownFileType = sourcecode.swift; path = "Optional+Util.swift"; sourceTree = "<group>"; };
		C97FD76F24B41ADB0007C550 /* Comparable+Util.swift */ = {isa = PBXFileReference; lastKnownFileType = sourcecode.swift; path = "Comparable+Util.swift"; sourceTree = "<group>"; };
		C97FD77124B41B370007C550 /* AVCaptureDevice+Extension.swift */ = {isa = PBXFileReference; lastKnownFileType = sourcecode.swift; path = "AVCaptureDevice+Extension.swift"; sourceTree = "<group>"; };
		C97FD77324B41B4B0007C550 /* UINib+Extension.swift */ = {isa = PBXFileReference; lastKnownFileType = sourcecode.swift; path = "UINib+Extension.swift"; sourceTree = "<group>"; };
		C97FD77524B41B5C0007C550 /* Animation+Extension.swift */ = {isa = PBXFileReference; lastKnownFileType = sourcecode.swift; path = "Animation+Extension.swift"; sourceTree = "<group>"; };
		C97FD77724B41B6F0007C550 /* NSLayoutAnchor+Extension.swift */ = {isa = PBXFileReference; lastKnownFileType = sourcecode.swift; path = "NSLayoutAnchor+Extension.swift"; sourceTree = "<group>"; };
		C97FD77924B41BBF0007C550 /* AppConfigurator.swift */ = {isa = PBXFileReference; lastKnownFileType = sourcecode.swift; path = AppConfigurator.swift; sourceTree = "<group>"; };
		C97FD77B24B41C8D0007C550 /* Config.swift */ = {isa = PBXFileReference; lastKnownFileType = sourcecode.swift; path = Config.swift; sourceTree = "<group>"; };
		C97FD77F24B41CFE0007C550 /* Localizable.strings */ = {isa = PBXFileReference; lastKnownFileType = text.plist.strings; path = Localizable.strings; sourceTree = "<group>"; };
		C97FD78424B41D600007C550 /* ResourceSupport.swift */ = {isa = PBXFileReference; lastKnownFileType = sourcecode.swift; path = ResourceSupport.swift; sourceTree = "<group>"; };
		C97FD78624B41D920007C550 /* Strings.swift */ = {isa = PBXFileReference; lastKnownFileType = sourcecode.swift; path = Strings.swift; sourceTree = "<group>"; };
		C97FD78824B41DB10007C550 /* Sizes.swift */ = {isa = PBXFileReference; lastKnownFileType = sourcecode.swift; path = Sizes.swift; sourceTree = "<group>"; };
		C97FD78A24B41DBB0007C550 /* Images.swift */ = {isa = PBXFileReference; lastKnownFileType = sourcecode.swift; path = Images.swift; sourceTree = "<group>"; };
		C97FD78C24B41DCF0007C550 /* Resources.swift */ = {isa = PBXFileReference; lastKnownFileType = sourcecode.swift; path = Resources.swift; sourceTree = "<group>"; };
		C97FD78F24B41EC70007C550 /* R.generated.swift */ = {isa = PBXFileReference; fileEncoding = 4; lastKnownFileType = sourcecode.swift; name = R.generated.swift; path = VideoChatApp/R.generated.swift; sourceTree = SOURCE_ROOT; };
		C97FD79224B41F920007C550 /* Rswift.framework */ = {isa = PBXFileReference; lastKnownFileType = wrapper.framework; name = Rswift.framework; path = Carthage/Build/iOS/Rswift.framework; sourceTree = "<group>"; };
		C97FD79624B421E90007C550 /* UIViewController+Extension.swift */ = {isa = PBXFileReference; lastKnownFileType = sourcecode.swift; path = "UIViewController+Extension.swift"; sourceTree = "<group>"; };
		C97FD79824B421FC0007C550 /* UIAlertController+Extension.swift */ = {isa = PBXFileReference; lastKnownFileType = sourcecode.swift; path = "UIAlertController+Extension.swift"; sourceTree = "<group>"; };
		C97FD79E24B429B00007C550 /* SkyWay.framework */ = {isa = PBXFileReference; lastKnownFileType = wrapper.framework; path = SkyWay.framework; sourceTree = "<group>"; };
		C97FD7A224B42AEB0007C550 /* ViewController.swift */ = {isa = PBXFileReference; lastKnownFileType = sourcecode.swift; path = ViewController.swift; sourceTree = "<group>"; };
		C97FD7A424B42B110007C550 /* Router.swift */ = {isa = PBXFileReference; lastKnownFileType = sourcecode.swift; path = Router.swift; sourceTree = "<group>"; };
		C97FD7A624B42B1D0007C550 /* Route.swift */ = {isa = PBXFileReference; lastKnownFileType = sourcecode.swift; path = Route.swift; sourceTree = "<group>"; };
		C97FD7A824B42B3A0007C550 /* Routing.swift */ = {isa = PBXFileReference; lastKnownFileType = sourcecode.swift; path = Routing.swift; sourceTree = "<group>"; };
		C97FD7AB24B42BAE0007C550 /* VideoChatViewController.storyboard */ = {isa = PBXFileReference; lastKnownFileType = file.storyboard; path = VideoChatViewController.storyboard; sourceTree = "<group>"; };
		C97FD7AD24B42BB90007C550 /* VideoChatViewController.swift */ = {isa = PBXFileReference; lastKnownFileType = sourcecode.swift; path = VideoChatViewController.swift; sourceTree = "<group>"; };
		C97FD7AF24B42BC60007C550 /* VideoChatRouting.swift */ = {isa = PBXFileReference; lastKnownFileType = sourcecode.swift; path = VideoChatRouting.swift; sourceTree = "<group>"; };
/* End PBXFileReference section */

/* Begin PBXFrameworksBuildPhase section */
		C97FD71A24B413A30007C550 /* Frameworks */ = {
			isa = PBXFrameworksBuildPhase;
			buildActionMask = 2147483647;
			files = (
				C97FD79324B41F920007C550 /* Rswift.framework in Frameworks */,
				C96E53B424B4D92A00D5F5B8 /* Reachability.framework in Frameworks */,
			);
			runOnlyForDeploymentPostprocessing = 0;
		};
/* End PBXFrameworksBuildPhase section */

/* Begin PBXGroup section */
		C96E53AD24B4C22400D5F5B8 /* ErrorHandler */ = {
			isa = PBXGroup;
			children = (
				C96E53AE24B4C24700D5F5B8 /* SkyWayErrorHandler.swift */,
			);
			path = ErrorHandler;
			sourceTree = "<group>";
		};
		C96E53B024B4D5D300D5F5B8 /* Error */ = {
			isa = PBXGroup;
			children = (
				C96E53B124B4D5E600D5F5B8 /* ErrorHandler.swift */,
			);
			path = Error;
			sourceTree = "<group>";
		};
		C96E53B724B4D95500D5F5B8 /* Network */ = {
			isa = PBXGroup;
			children = (
				C96E53B824B4D97000D5F5B8 /* ReachabilityObserverDelegate.swift */,
			);
			path = Network;
			sourceTree = "<group>";
		};
		C97FD71424B413A30007C550 = {
			isa = PBXGroup;
			children = (
				C97FD79E24B429B00007C550 /* SkyWay.framework */,
				C97FD71F24B413A30007C550 /* VideoChatApp */,
				C97FD71E24B413A30007C550 /* Products */,
				C97FD79124B41F920007C550 /* Frameworks */,
			);
			sourceTree = "<group>";
		};
		C97FD71E24B413A30007C550 /* Products */ = {
			isa = PBXGroup;
			children = (
				C97FD71D24B413A30007C550 /* VideoChatApp.app */,
			);
			name = Products;
			sourceTree = "<group>";
		};
		C97FD71F24B413A30007C550 /* VideoChatApp */ = {
			isa = PBXGroup;
			children = (
				C97FD73424B417400007C550 /* AppConfig */,
				C97FD73524B417490007C550 /* AppResources */,
				C97FD73624B417520007C550 /* Presentation */,
				C97FD73724B417590007C550 /* Data */,
			);
			path = VideoChatApp;
			sourceTree = "<group>";
		};
		C97FD73424B417400007C550 /* AppConfig */ = {
			isa = PBXGroup;
			children = (
				C97FD77924B41BBF0007C550 /* AppConfigurator.swift */,
				C97FD77B24B41C8D0007C550 /* Config.swift */,
			);
			path = AppConfig;
			sourceTree = "<group>";
		};
		C97FD73524B417490007C550 /* AppResources */ = {
			isa = PBXGroup;
			children = (
				C97FD77D24B41C9D0007C550 /* Support */,
				C97FD78124B41D290007C550 /* R */,
				C97FD78224B41D2D0007C550 /* Resources */,
			);
			path = AppResources;
			sourceTree = "<group>";
		};
		C97FD73624B417520007C550 /* Presentation */ = {
			isa = PBXGroup;
			children = (
				C97FD7A124B42AD40007C550 /* Convenience */,
				C97FD73924B417FA0007C550 /* AppDelegate */,
				C97FD73A24B418050007C550 /* Presentation-Domain */,
				C97FD73D24B4184F0007C550 /* Utility */,
			);
			path = Presentation;
			sourceTree = "<group>";
		};
		C97FD73724B417590007C550 /* Data */ = {
			isa = PBXGroup;
			children = (
			);
			path = Data;
			sourceTree = "<group>";
		};
		C97FD73824B417780007C550 /* InfoPlist */ = {
			isa = PBXGroup;
			children = (
				C97FD72E24B413A50007C550 /* Info.plist */,
			);
			path = InfoPlist;
			sourceTree = "<group>";
		};
		C97FD73924B417FA0007C550 /* AppDelegate */ = {
			isa = PBXGroup;
			children = (
				C97FD72024B413A30007C550 /* AppDelegate.swift */,
			);
			path = AppDelegate;
			sourceTree = "<group>";
		};
		C97FD73A24B418050007C550 /* Presentation-Domain */ = {
			isa = PBXGroup;
			children = (
				C97FD73C24B418490007C550 /* Router */,
				C97FD73B24B418140007C550 /* Launch */,
				C97FD7AA24B42B910007C550 /* VideoChat */,
			);
			path = "Presentation-Domain";
			sourceTree = "<group>";
		};
		C97FD73B24B418140007C550 /* Launch */ = {
			isa = PBXGroup;
			children = (
				C97FD72B24B413A50007C550 /* LaunchScreen.storyboard */,
			);
			path = Launch;
			sourceTree = "<group>";
		};
		C97FD73C24B418490007C550 /* Router */ = {
			isa = PBXGroup;
			children = (
				C97FD7A424B42B110007C550 /* Router.swift */,
				C97FD7A624B42B1D0007C550 /* Route.swift */,
				C97FD7A824B42B3A0007C550 /* Routing.swift */,
			);
			path = Router;
			sourceTree = "<group>";
		};
		C97FD73D24B4184F0007C550 /* Utility */ = {
			isa = PBXGroup;
			children = (
				C96E53B724B4D95500D5F5B8 /* Network */,
				C96E53B024B4D5D300D5F5B8 /* Error */,
				C97FD73E24B4188C0007C550 /* Class */,
				C97FD74124B418BB0007C550 /* Manager */,
				C97FD74724B418F40007C550 /* Service */,
				C97FD74624B418E80007C550 /* DataSource */,
				C97FD74524B418E20007C550 /* Protocol */,
				C97FD74424B418DC0007C550 /* Log */,
				C97FD74324B418D40007C550 /* AppUtil */,
				C97FD74224B418CC0007C550 /* Extension */,
			);
			path = Utility;
			sourceTree = "<group>";
		};
		C97FD73E24B4188C0007C550 /* Class */ = {
			isa = PBXGroup;
			children = (
				C97FD73F24B418980007C550 /* Audio.swift */,
			);
			path = Class;
			sourceTree = "<group>";
		};
		C97FD74124B418BB0007C550 /* Manager */ = {
			isa = PBXGroup;
			children = (
				C97FD75024B419510007C550 /* CallingManager */,
				C97FD75124B419570007C550 /* SkyWayManager */,
			);
			path = Manager;
			sourceTree = "<group>";
		};
		C97FD74224B418CC0007C550 /* Extension */ = {
			isa = PBXGroup;
			children = (
				C97FD79824B421FC0007C550 /* UIAlertController+Extension.swift */,
				C97FD79624B421E90007C550 /* UIViewController+Extension.swift */,
				C97FD77124B41B370007C550 /* AVCaptureDevice+Extension.swift */,
				C97FD77324B41B4B0007C550 /* UINib+Extension.swift */,
				C97FD77524B41B5C0007C550 /* Animation+Extension.swift */,
				C97FD77724B41B6F0007C550 /* NSLayoutAnchor+Extension.swift */,
			);
			path = Extension;
			sourceTree = "<group>";
		};
		C97FD74324B418D40007C550 /* AppUtil */ = {
			isa = PBXGroup;
			children = (
				C97FD75F24B41A050007C550 /* Strings+Util.swift */,
				C97FD76124B41A2D0007C550 /* Date+Util.swift */,
				C97FD76324B41A3C0007C550 /* Int+Util.swift */,
				C97FD76524B41A550007C550 /* Numbers+Util.swift */,
				C97FD76724B41A650007C550 /* DateFormatter+Util.swift */,
				C97FD76924B41A770007C550 /* NumberFormatter+Util.swift */,
				C97FD76B24B41A870007C550 /* Array+Util.swift */,
				C97FD76D24B41ABF0007C550 /* Optional+Util.swift */,
				C97FD76F24B41ADB0007C550 /* Comparable+Util.swift */,
				C9129E0A24B57ACC00C350A7 /* Notification+Util.swift */,
				C9129E0D24B57D4200C350A7 /* Dictionary+Util.swift */,
			);
			path = AppUtil;
			sourceTree = "<group>";
		};
		C97FD74424B418DC0007C550 /* Log */ = {
			isa = PBXGroup;
			children = (
				C97FD74E24B419410007C550 /* Logger.swift */,
			);
			path = Log;
			sourceTree = "<group>";
		};
		C97FD74524B418E20007C550 /* Protocol */ = {
			isa = PBXGroup;
			children = (
				C97FD74C24B419340007C550 /* StoryboardInstantiable.swift */,
			);
			path = Protocol;
			sourceTree = "<group>";
		};
		C97FD74624B418E80007C550 /* DataSource */ = {
			isa = PBXGroup;
			children = (
				C97FD74A24B4191F0007C550 /* TableViewDataSource.swift */,
			);
			path = DataSource;
			sourceTree = "<group>";
		};
		C97FD74724B418F40007C550 /* Service */ = {
			isa = PBXGroup;
			children = (
				C97FD74824B4190E0007C550 /* KeyboardNotifier.swift */,
			);
			path = Service;
			sourceTree = "<group>";
		};
		C97FD75024B419510007C550 /* CallingManager */ = {
			isa = PBXGroup;
			children = (
				C97FD75324B4196A0007C550 /* Value */,
				C97FD75224B419670007C550 /* Provider */,
				C97FD75824B419930007C550 /* CallManager.swift */,
			);
			path = CallingManager;
			sourceTree = "<group>";
		};
		C97FD75124B419570007C550 /* SkyWayManager */ = {
			isa = PBXGroup;
			children = (
				C96E53AD24B4C22400D5F5B8 /* ErrorHandler */,
				C97FD75C24B419C40007C550 /* Delegate */,
				C97FD75A24B419BA0007C550 /* SkyWayManager.swift */,
			);
			path = SkyWayManager;
			sourceTree = "<group>";
		};
		C97FD75224B419670007C550 /* Provider */ = {
			isa = PBXGroup;
			children = (
				C97FD75624B419820007C550 /* CallProvider.swift */,
			);
			path = Provider;
			sourceTree = "<group>";
		};
		C97FD75324B4196A0007C550 /* Value */ = {
			isa = PBXGroup;
			children = (
				C97FD75424B419750007C550 /* Call.swift */,
			);
			path = Value;
			sourceTree = "<group>";
		};
		C97FD75C24B419C40007C550 /* Delegate */ = {
			isa = PBXGroup;
			children = (
				C97FD75D24B419D10007C550 /* SkyWayManagerDelegate.swift */,
			);
			path = Delegate;
			sourceTree = "<group>";
		};
		C97FD77D24B41C9D0007C550 /* Support */ = {
			isa = PBXGroup;
			children = (
				C97FD72924B413A50007C550 /* Assets.xcassets */,
				C97FD73824B417780007C550 /* InfoPlist */,
				C97FD77E24B41CC90007C550 /* LocalizedStrings */,
			);
			path = Support;
			sourceTree = "<group>";
		};
		C97FD77E24B41CC90007C550 /* LocalizedStrings */ = {
			isa = PBXGroup;
			children = (
				C97FD77F24B41CFE0007C550 /* Localizable.strings */,
			);
			path = LocalizedStrings;
			sourceTree = "<group>";
		};
		C97FD78124B41D290007C550 /* R */ = {
			isa = PBXGroup;
			children = (
				C97FD78F24B41EC70007C550 /* R.generated.swift */,
			);
			path = R;
			sourceTree = "<group>";
		};
		C97FD78224B41D2D0007C550 /* Resources */ = {
			isa = PBXGroup;
			children = (
				C97FD78324B41D550007C550 /* Support */,
				C97FD78624B41D920007C550 /* Strings.swift */,
				C97FD78824B41DB10007C550 /* Sizes.swift */,
				C97FD78A24B41DBB0007C550 /* Images.swift */,
				C97FD78C24B41DCF0007C550 /* Resources.swift */,
			);
			path = Resources;
			sourceTree = "<group>";
		};
		C97FD78324B41D550007C550 /* Support */ = {
			isa = PBXGroup;
			children = (
				C97FD78424B41D600007C550 /* ResourceSupport.swift */,
			);
			path = Support;
			sourceTree = "<group>";
		};
		C97FD79124B41F920007C550 /* Frameworks */ = {
			isa = PBXGroup;
			children = (
				C96E53B324B4D92A00D5F5B8 /* Reachability.framework */,
				C97FD79224B41F920007C550 /* Rswift.framework */,
			);
			name = Frameworks;
			sourceTree = "<group>";
		};
		C97FD7A124B42AD40007C550 /* Convenience */ = {
			isa = PBXGroup;
			children = (
				C97FD7A224B42AEB0007C550 /* ViewController.swift */,
			);
			path = Convenience;
			sourceTree = "<group>";
		};
		C97FD7AA24B42B910007C550 /* VideoChat */ = {
			isa = PBXGroup;
			children = (
				C97FD7AB24B42BAE0007C550 /* VideoChatViewController.storyboard */,
				C97FD7AD24B42BB90007C550 /* VideoChatViewController.swift */,
				C97FD7AF24B42BC60007C550 /* VideoChatRouting.swift */,
			);
			path = VideoChat;
			sourceTree = "<group>";
		};
/* End PBXGroup section */

/* Begin PBXNativeTarget section */
		C97FD71C24B413A30007C550 /* VideoChatApp */ = {
			isa = PBXNativeTarget;
			buildConfigurationList = C97FD73124B413A50007C550 /* Build configuration list for PBXNativeTarget "VideoChatApp" */;
			buildPhases = (
				C97FD78E24B41E8B0007C550 /* ShellScript */,
				C97FD71924B413A30007C550 /* Sources */,
				C97FD71A24B413A30007C550 /* Frameworks */,
				C97FD71B24B413A30007C550 /* Resources */,
				C97FD79524B41F920007C550 /* Embed Frameworks */,
				C96E53B624B4D93000D5F5B8 /* ShellScript */,
			);
			buildRules = (
			);
			dependencies = (
			);
			name = VideoChatApp;
			productName = VideoChatApp;
			productReference = C97FD71D24B413A30007C550 /* VideoChatApp.app */;
			productType = "com.apple.product-type.application";
		};
/* End PBXNativeTarget section */

/* Begin PBXProject section */
		C97FD71524B413A30007C550 /* Project object */ = {
			isa = PBXProject;
			attributes = {
				LastSwiftUpdateCheck = 1140;
				LastUpgradeCheck = 1140;
				ORGANIZATIONNAME = "オムラユウキ";
				TargetAttributes = {
					C97FD71C24B413A30007C550 = {
						CreatedOnToolsVersion = 11.4.1;
					};
				};
			};
			buildConfigurationList = C97FD71824B413A30007C550 /* Build configuration list for PBXProject "VideoChatApp" */;
			compatibilityVersion = "Xcode 9.3";
			developmentRegion = en;
			hasScannedForEncodings = 0;
			knownRegions = (
				en,
				Base,
			);
			mainGroup = C97FD71424B413A30007C550;
			productRefGroup = C97FD71E24B413A30007C550 /* Products */;
			projectDirPath = "";
			projectRoot = "";
			targets = (
				C97FD71C24B413A30007C550 /* VideoChatApp */,
			);
		};
/* End PBXProject section */

/* Begin PBXResourcesBuildPhase section */
		C97FD71B24B413A30007C550 /* Resources */ = {
			isa = PBXResourcesBuildPhase;
			buildActionMask = 2147483647;
			files = (
				C97FD72D24B413A50007C550 /* LaunchScreen.storyboard in Resources */,
				C97FD78024B41CFE0007C550 /* Localizable.strings in Resources */,
				C97FD72A24B413A50007C550 /* Assets.xcassets in Resources */,
				C97FD7AC24B42BAE0007C550 /* VideoChatViewController.storyboard in Resources */,
			);
			runOnlyForDeploymentPostprocessing = 0;
		};
/* End PBXResourcesBuildPhase section */

/* Begin PBXShellScriptBuildPhase section */
		C96E53B624B4D93000D5F5B8 /* ShellScript */ = {
			isa = PBXShellScriptBuildPhase;
			buildActionMask = 2147483647;
			files = (
			);
			inputFileListPaths = (
			);
			inputPaths = (
				"$(SRCROOT)/Carthage/Build/iOS/Reachability.framework",
			);
			outputFileListPaths = (
			);
			outputPaths = (
			);
			runOnlyForDeploymentPostprocessing = 0;
			shellPath = /bin/sh;
			shellScript = "# Type a script or drag a script file from your workspace to insert its path.\n";
		};
		C97FD78E24B41E8B0007C550 /* ShellScript */ = {
			isa = PBXShellScriptBuildPhase;
			buildActionMask = 2147483647;
			files = (
			);
			inputFileListPaths = (
			);
			inputPaths = (
				"$TEMP_DIR/rswift-lastrun",
			);
			outputFileListPaths = (
			);
			outputPaths = (
				$SRCROOT/$PROJECT_NAME/R.generated.swift,
			);
			runOnlyForDeploymentPostprocessing = 0;
			shellPath = /bin/sh;
			shellScript = "\"rswift\" generate \"$SRCROOT/$PROJECT_NAME/R.generated.swift\"\n";
		};
/* End PBXShellScriptBuildPhase section */

/* Begin PBXSourcesBuildPhase section */
		C97FD71924B413A30007C550 /* Sources */ = {
			isa = PBXSourcesBuildPhase;
			buildActionMask = 2147483647;
			files = (
				C96E53B924B4D97000D5F5B8 /* ReachabilityObserverDelegate.swift in Sources */,
				C97FD74024B418980007C550 /* Audio.swift in Sources */,
				C97FD77A24B41BBF0007C550 /* AppConfigurator.swift in Sources */,
				C97FD77624B41B5C0007C550 /* Animation+Extension.swift in Sources */,
				C97FD75B24B419BA0007C550 /* SkyWayManager.swift in Sources */,
				C97FD7A924B42B3A0007C550 /* Routing.swift in Sources */,
				C9129E0B24B57ACC00C350A7 /* Notification+Util.swift in Sources */,
				C97FD7A524B42B110007C550 /* Router.swift in Sources */,
				C97FD77824B41B6F0007C550 /* NSLayoutAnchor+Extension.swift in Sources */,
				C97FD74924B4190E0007C550 /* KeyboardNotifier.swift in Sources */,
				C97FD78924B41DB10007C550 /* Sizes.swift in Sources */,
				C97FD78B24B41DBB0007C550 /* Images.swift in Sources */,
				C97FD78724B41D920007C550 /* Strings.swift in Sources */,
				C97FD77024B41ADB0007C550 /* Comparable+Util.swift in Sources */,
				C97FD74D24B419340007C550 /* StoryboardInstantiable.swift in Sources */,
				C97FD77224B41B370007C550 /* AVCaptureDevice+Extension.swift in Sources */,
				C97FD79724B421E90007C550 /* UIViewController+Extension.swift in Sources */,
				C96E53B224B4D5E600D5F5B8 /* ErrorHandler.swift in Sources */,
				C97FD74B24B4191F0007C550 /* TableViewDataSource.swift in Sources */,
				C97FD76C24B41A870007C550 /* Array+Util.swift in Sources */,
				C97FD75724B419820007C550 /* CallProvider.swift in Sources */,
				C97FD76624B41A550007C550 /* Numbers+Util.swift in Sources */,
				C97FD74F24B419410007C550 /* Logger.swift in Sources */,
				C97FD76A24B41A770007C550 /* NumberFormatter+Util.swift in Sources */,
				C97FD76424B41A3C0007C550 /* Int+Util.swift in Sources */,
				C97FD75924B419930007C550 /* CallManager.swift in Sources */,
				C97FD7AE24B42BB90007C550 /* VideoChatViewController.swift in Sources */,
				C97FD7B024B42BC60007C550 /* VideoChatRouting.swift in Sources */,
				C97FD78D24B41DCF0007C550 /* Resources.swift in Sources */,
				C97FD76024B41A050007C550 /* Strings+Util.swift in Sources */,
				C97FD76224B41A2D0007C550 /* Date+Util.swift in Sources */,
				C97FD77C24B41C8D0007C550 /* Config.swift in Sources */,
				C9129E0E24B57D4200C350A7 /* Dictionary+Util.swift in Sources */,
				C97FD7A324B42AEB0007C550 /* ViewController.swift in Sources */,
				C97FD76E24B41ABF0007C550 /* Optional+Util.swift in Sources */,
				C97FD78524B41D600007C550 /* ResourceSupport.swift in Sources */,
				C97FD75E24B419D10007C550 /* SkyWayManagerDelegate.swift in Sources */,
				C97FD79024B41EC70007C550 /* R.generated.swift in Sources */,
				C97FD7A724B42B1D0007C550 /* Route.swift in Sources */,
				C97FD75524B419750007C550 /* Call.swift in Sources */,
				C97FD79924B421FC0007C550 /* UIAlertController+Extension.swift in Sources */,
				C97FD77424B41B4B0007C550 /* UINib+Extension.swift in Sources */,
				C97FD76824B41A650007C550 /* DateFormatter+Util.swift in Sources */,
				C97FD72124B413A30007C550 /* AppDelegate.swift in Sources */,
				C96E53AF24B4C24700D5F5B8 /* SkyWayErrorHandler.swift in Sources */,
			);
			runOnlyForDeploymentPostprocessing = 0;
		};
/* End PBXSourcesBuildPhase section */

/* Begin PBXVariantGroup section */
		C97FD72B24B413A50007C550 /* LaunchScreen.storyboard */ = {
			isa = PBXVariantGroup;
			children = (
				C97FD72C24B413A50007C550 /* Base */,
			);
			name = LaunchScreen.storyboard;
			sourceTree = "<group>";
		};
/* End PBXVariantGroup section */

/* Begin XCBuildConfiguration section */
		C97FD72F24B413A50007C550 /* Debug */ = {
			isa = XCBuildConfiguration;
			buildSettings = {
				ALWAYS_SEARCH_USER_PATHS = NO;
				CLANG_ANALYZER_NONNULL = YES;
				CLANG_ANALYZER_NUMBER_OBJECT_CONVERSION = YES_AGGRESSIVE;
				CLANG_CXX_LANGUAGE_STANDARD = "gnu++14";
				CLANG_CXX_LIBRARY = "libc++";
				CLANG_ENABLE_MODULES = YES;
				CLANG_ENABLE_OBJC_ARC = YES;
				CLANG_ENABLE_OBJC_WEAK = YES;
				CLANG_WARN_BLOCK_CAPTURE_AUTORELEASING = YES;
				CLANG_WARN_BOOL_CONVERSION = YES;
				CLANG_WARN_COMMA = YES;
				CLANG_WARN_CONSTANT_CONVERSION = YES;
				CLANG_WARN_DEPRECATED_OBJC_IMPLEMENTATIONS = YES;
				CLANG_WARN_DIRECT_OBJC_ISA_USAGE = YES_ERROR;
				CLANG_WARN_DOCUMENTATION_COMMENTS = YES;
				CLANG_WARN_EMPTY_BODY = YES;
				CLANG_WARN_ENUM_CONVERSION = YES;
				CLANG_WARN_INFINITE_RECURSION = YES;
				CLANG_WARN_INT_CONVERSION = YES;
				CLANG_WARN_NON_LITERAL_NULL_CONVERSION = YES;
				CLANG_WARN_OBJC_IMPLICIT_RETAIN_SELF = YES;
				CLANG_WARN_OBJC_LITERAL_CONVERSION = YES;
				CLANG_WARN_OBJC_ROOT_CLASS = YES_ERROR;
				CLANG_WARN_RANGE_LOOP_ANALYSIS = YES;
				CLANG_WARN_STRICT_PROTOTYPES = YES;
				CLANG_WARN_SUSPICIOUS_MOVE = YES;
				CLANG_WARN_UNGUARDED_AVAILABILITY = YES_AGGRESSIVE;
				CLANG_WARN_UNREACHABLE_CODE = YES;
				CLANG_WARN__DUPLICATE_METHOD_MATCH = YES;
				COPY_PHASE_STRIP = NO;
				DEBUG_INFORMATION_FORMAT = dwarf;
				ENABLE_STRICT_OBJC_MSGSEND = YES;
				ENABLE_TESTABILITY = YES;
				GCC_C_LANGUAGE_STANDARD = gnu11;
				GCC_DYNAMIC_NO_PIC = NO;
				GCC_NO_COMMON_BLOCKS = YES;
				GCC_OPTIMIZATION_LEVEL = 0;
				GCC_PREPROCESSOR_DEFINITIONS = (
					"DEBUG=1",
					"$(inherited)",
				);
				GCC_WARN_64_TO_32_BIT_CONVERSION = YES;
				GCC_WARN_ABOUT_RETURN_TYPE = YES_ERROR;
				GCC_WARN_UNDECLARED_SELECTOR = YES;
				GCC_WARN_UNINITIALIZED_AUTOS = YES_AGGRESSIVE;
				GCC_WARN_UNUSED_FUNCTION = YES;
				GCC_WARN_UNUSED_VARIABLE = YES;
				IPHONEOS_DEPLOYMENT_TARGET = 13.4;
				MTL_ENABLE_DEBUG_INFO = INCLUDE_SOURCE;
				MTL_FAST_MATH = YES;
				ONLY_ACTIVE_ARCH = YES;
				SDKROOT = iphoneos;
				SWIFT_ACTIVE_COMPILATION_CONDITIONS = DEBUG;
				SWIFT_OPTIMIZATION_LEVEL = "-Onone";
			};
			name = Debug;
		};
		C97FD73024B413A50007C550 /* Release */ = {
			isa = XCBuildConfiguration;
			buildSettings = {
				ALWAYS_SEARCH_USER_PATHS = NO;
				CLANG_ANALYZER_NONNULL = YES;
				CLANG_ANALYZER_NUMBER_OBJECT_CONVERSION = YES_AGGRESSIVE;
				CLANG_CXX_LANGUAGE_STANDARD = "gnu++14";
				CLANG_CXX_LIBRARY = "libc++";
				CLANG_ENABLE_MODULES = YES;
				CLANG_ENABLE_OBJC_ARC = YES;
				CLANG_ENABLE_OBJC_WEAK = YES;
				CLANG_WARN_BLOCK_CAPTURE_AUTORELEASING = YES;
				CLANG_WARN_BOOL_CONVERSION = YES;
				CLANG_WARN_COMMA = YES;
				CLANG_WARN_CONSTANT_CONVERSION = YES;
				CLANG_WARN_DEPRECATED_OBJC_IMPLEMENTATIONS = YES;
				CLANG_WARN_DIRECT_OBJC_ISA_USAGE = YES_ERROR;
				CLANG_WARN_DOCUMENTATION_COMMENTS = YES;
				CLANG_WARN_EMPTY_BODY = YES;
				CLANG_WARN_ENUM_CONVERSION = YES;
				CLANG_WARN_INFINITE_RECURSION = YES;
				CLANG_WARN_INT_CONVERSION = YES;
				CLANG_WARN_NON_LITERAL_NULL_CONVERSION = YES;
				CLANG_WARN_OBJC_IMPLICIT_RETAIN_SELF = YES;
				CLANG_WARN_OBJC_LITERAL_CONVERSION = YES;
				CLANG_WARN_OBJC_ROOT_CLASS = YES_ERROR;
				CLANG_WARN_RANGE_LOOP_ANALYSIS = YES;
				CLANG_WARN_STRICT_PROTOTYPES = YES;
				CLANG_WARN_SUSPICIOUS_MOVE = YES;
				CLANG_WARN_UNGUARDED_AVAILABILITY = YES_AGGRESSIVE;
				CLANG_WARN_UNREACHABLE_CODE = YES;
				CLANG_WARN__DUPLICATE_METHOD_MATCH = YES;
				COPY_PHASE_STRIP = NO;
				DEBUG_INFORMATION_FORMAT = "dwarf-with-dsym";
				ENABLE_NS_ASSERTIONS = NO;
				ENABLE_STRICT_OBJC_MSGSEND = YES;
				GCC_C_LANGUAGE_STANDARD = gnu11;
				GCC_NO_COMMON_BLOCKS = YES;
				GCC_WARN_64_TO_32_BIT_CONVERSION = YES;
				GCC_WARN_ABOUT_RETURN_TYPE = YES_ERROR;
				GCC_WARN_UNDECLARED_SELECTOR = YES;
				GCC_WARN_UNINITIALIZED_AUTOS = YES_AGGRESSIVE;
				GCC_WARN_UNUSED_FUNCTION = YES;
				GCC_WARN_UNUSED_VARIABLE = YES;
				IPHONEOS_DEPLOYMENT_TARGET = 13.4;
				MTL_ENABLE_DEBUG_INFO = NO;
				MTL_FAST_MATH = YES;
				SDKROOT = iphoneos;
				SWIFT_COMPILATION_MODE = wholemodule;
				SWIFT_OPTIMIZATION_LEVEL = "-O";
				VALIDATE_PRODUCT = YES;
			};
			name = Release;
		};
		C97FD73224B413A50007C550 /* Debug */ = {
			isa = XCBuildConfiguration;
			buildSettings = {
				ASSETCATALOG_COMPILER_APPICON_NAME = AppIcon;
				CODE_SIGN_STYLE = Automatic;
				DEVELOPMENT_TEAM = 5WF5Y5M59G;
				FRAMEWORK_SEARCH_PATHS = (
					"$(inherited)",
					"$(PROJECT_DIR)/Carthage/Build/iOS",
					"$(PROJECT_DIR)",
				);
				INFOPLIST_FILE = VideoChatApp/AppResources/Support/InfoPlist/Info.plist;
				LD_RUNPATH_SEARCH_PATHS = (
					"$(inherited)",
					"@executable_path/Frameworks",
				);
				PRODUCT_BUNDLE_IDENTIFIER = com.sample.VideoChatApp;
				PRODUCT_NAME = "$(TARGET_NAME)";
				SKYWAY_API_KEY = "42f86ef7-7ff5-4aa6-9606-a790cd6f8456";
				SKYWAY_DOMAIN = "mbp-3";
				SWIFT_VERSION = 5.0;
				TARGETED_DEVICE_FAMILY = "1,2";
			};
			name = Debug;
		};
		C97FD73324B413A50007C550 /* Release */ = {
			isa = XCBuildConfiguration;
			buildSettings = {
				ASSETCATALOG_COMPILER_APPICON_NAME = AppIcon;
				CODE_SIGN_STYLE = Automatic;
				DEVELOPMENT_TEAM = 5WF5Y5M59G;
				FRAMEWORK_SEARCH_PATHS = (
					"$(inherited)",
					"$(PROJECT_DIR)/Carthage/Build/iOS",
					"$(PROJECT_DIR)",
				);
				INFOPLIST_FILE = VideoChatApp/AppResources/Support/InfoPlist/Info.plist;
				LD_RUNPATH_SEARCH_PATHS = (
					"$(inherited)",
					"@executable_path/Frameworks",
				);
				PRODUCT_BUNDLE_IDENTIFIER = com.sample.VideoChatApp;
				PRODUCT_NAME = "$(TARGET_NAME)";
				SKYWAY_API_KEY = "";
				SKYWAY_DOMAIN = "";
				SWIFT_VERSION = 5.0;
				TARGETED_DEVICE_FAMILY = "1,2";
			};
			name = Release;
		};
/* End XCBuildConfiguration section */

/* Begin XCConfigurationList section */
		C97FD71824B413A30007C550 /* Build configuration list for PBXProject "VideoChatApp" */ = {
			isa = XCConfigurationList;
			buildConfigurations = (
				C97FD72F24B413A50007C550 /* Debug */,
				C97FD73024B413A50007C550 /* Release */,
			);
			defaultConfigurationIsVisible = 0;
			defaultConfigurationName = Release;
		};
		C97FD73124B413A50007C550 /* Build configuration list for PBXNativeTarget "VideoChatApp" */ = {
			isa = XCConfigurationList;
			buildConfigurations = (
				C97FD73224B413A50007C550 /* Debug */,
				C97FD73324B413A50007C550 /* Release */,
			);
			defaultConfigurationIsVisible = 0;
			defaultConfigurationName = Release;
		};
/* End XCConfigurationList section */
	};
	rootObject = C97FD71524B413A30007C550 /* Project object */;
}
